{
  "name": "HelloWorld",
  "lockfileVersion": 3,
  "requires": true,
  "packages": {
    "": {
      "dependencies": {
        "@types/arcgis-js-api": "^4.27.2"
      }
    },
    "node_modules/@types/arcgis-js-api": {
      "version": "4.27.2",
      "resolved": "https://registry.npmjs.org/@types/arcgis-js-api/-/arcgis-js-api-4.27.2.tgz",
      "integrity": "sha512-WNP/72n0agyLKQS5ybR76A/VNG+6/TkDTic9K8yBp+5fS6Xm0ws6CA202wPo0VymEUkq4Lkx1bozL+q40t/ZUQ==",
      "license": "MIT"
    }
  }
}
